
Microsoft Visual Studio Solution File, Format Version 12.00
# Visual Studio Version 16
VisualStudioVersion = 16.0.29001.49
MinimumVisualStudioVersion = 10.0.40219.1
Project("{9A19103F-16F7-4668-BE54-9A1E7A4F7556}") = "NotesCore", "NotesCore\NotesCore.csproj", "{3606EC94-9550-4605-B4AC-1990CDE83242}"
EndProject
Project("{FAE04EC0-301F-11D3-BF4B-00C04F79EFBC}") = "NoteTests", "NoteTests\NoteTests.csproj", "{676AEE22-E9EF-4F9E-AB43-1EC62FAD88DB}"
EndProject
Global
	GlobalSection(SolutionConfigurationPlatforms) = preSolution
		Debug|Any CPU = Debug|Any CPU
		Release|Any CPU = Release|Any CPU
	EndGlobalSection
	GlobalSection(ProjectConfigurationPlatforms) = postSolution
		{3606EC94-9550-4605-B4AC-1990CDE83242}.Debug|Any CPU.ActiveCfg = Debug|Any CPU
		{3606EC94-9550-4605-B4AC-1990CDE83242}.Debug|Any CPU.Build.0 = Debug|Any CPU
		{3606EC94-9550-4605-B4AC-1990CDE83242}.Release|Any CPU.ActiveCfg = Release|Any CPU
		{3606EC94-9550-4605-B4AC-1990CDE83242}.Release|Any CPU.Build.0 = Release|Any CPU
		{676AEE22-E9EF-4F9E-AB43-1EC62FAD88DB}.Debug|Any CPU.ActiveCfg = Debug|Any CPU
		{676AEE22-E9EF-4F9E-AB43-1EC62FAD88DB}.Debug|Any CPU.Build.0 = Debug|Any CPU
		{676AEE22-E9EF-4F9E-AB43-1EC62FAD88DB}.Release|Any CPU.ActiveCfg = Release|Any CPU
		{676AEE22-E9EF-4F9E-AB43-1EC62FAD88DB}.Release|Any CPU.Build.0 = Release|Any CPU
	EndGlobalSection
	GlobalSection(SolutionProperties) = preSolution
		HideSolutionNode = FALSE
	EndGlobalSection
	GlobalSection(ExtensibilityGlobals) = postSolution
		SolutionGuid = {93CA94D0-DFF6-4E6D-AE51-1481D9C74E13}
	EndGlobalSection
EndGlobal
